
Microsoft Visual Studio Solution File, Format Version 12.00
# Visual Studio Version 16
VisualStudioVersion = 16.0.32428.217
MinimumVisualStudioVersion = 10.0.40219.1
Project("{9A19103F-16F7-4668-BE54-9A1E7A4F7556}") = "SER.Run", "SER.Run\SER.Run.csproj", "{B464C15F-63F7-4575-8C94-3173EC30454F}"
EndProject
Project("{9A19103F-16F7-4668-BE54-9A1E7A4F7556}") = "DataBaseManger", "DataBaseManger\DataBaseManger.csproj", "{415E7A03-9AC7-40E4-8786-C46403BAFB5E}"
EndProject
Project("{9A19103F-16F7-4668-BE54-9A1E7A4F7556}") = "ServerManger", "ServerManger\ServerManger.csproj", "{414076DC-7922-4555-B6C9-B1F44520A57A}"
EndProject
Global
	GlobalSection(SolutionConfigurationPlatforms) = preSolution
		Debug|Any CPU = Debug|Any CPU
		Release|Any CPU = Release|Any CPU
	EndGlobalSection
	GlobalSection(ProjectConfigurationPlatforms) = postSolution
		{B464C15F-63F7-4575-8C94-3173EC30454F}.Debug|Any CPU.ActiveCfg = Debug|Any CPU
		{B464C15F-63F7-4575-8C94-3173EC30454F}.Debug|Any CPU.Build.0 = Debug|Any CPU
		{B464C15F-63F7-4575-8C94-3173EC30454F}.Release|Any CPU.ActiveCfg = Release|Any CPU
		{B464C15F-63F7-4575-8C94-3173EC30454F}.Release|Any CPU.Build.0 = Release|Any CPU
		{415E7A03-9AC7-40E4-8786-C46403BAFB5E}.Debug|Any CPU.ActiveCfg = Debug|Any CPU
		{415E7A03-9AC7-40E4-8786-C46403BAFB5E}.Debug|Any CPU.Build.0 = Debug|Any CPU
		{415E7A03-9AC7-40E4-8786-C46403BAFB5E}.Release|Any CPU.ActiveCfg = Release|Any CPU
		{415E7A03-9AC7-40E4-8786-C46403BAFB5E}.Release|Any CPU.Build.0 = Release|Any CPU
		{414076DC-7922-4555-B6C9-B1F44520A57A}.Debug|Any CPU.ActiveCfg = Debug|Any CPU
		{414076DC-7922-4555-B6C9-B1F44520A57A}.Debug|Any CPU.Build.0 = Debug|Any CPU
		{414076DC-7922-4555-B6C9-B1F44520A57A}.Release|Any CPU.ActiveCfg = Release|Any CPU
		{414076DC-7922-4555-B6C9-B1F44520A57A}.Release|Any CPU.Build.0 = Release|Any CPU
		{08A91EF7-DAF7-49D5-A797-03AE888832F1}.Debug|Any CPU.ActiveCfg = Debug|Any CPU
		{08A91EF7-DAF7-49D5-A797-03AE888832F1}.Debug|Any CPU.Build.0 = Debug|Any CPU
		{08A91EF7-DAF7-49D5-A797-03AE888832F1}.Release|Any CPU.ActiveCfg = Release|Any CPU
		{08A91EF7-DAF7-49D5-A797-03AE888832F1}.Release|Any CPU.Build.0 = Release|Any CPU
		{751AF274-237C-4063-BEFD-3ED43F5ED7BD}.Debug|Any CPU.ActiveCfg = Debug|Any CPU
		{751AF274-237C-4063-BEFD-3ED43F5ED7BD}.Debug|Any CPU.Build.0 = Debug|Any CPU
		{751AF274-237C-4063-BEFD-3ED43F5ED7BD}.Release|Any CPU.ActiveCfg = Release|Any CPU
		{751AF274-237C-4063-BEFD-3ED43F5ED7BD}.Release|Any CPU.Build.0 = Release|Any CPU
		{098895C0-FB0E-4C87-AFDC-E70785B3E5C9}.Debug|Any CPU.ActiveCfg = Debug|Any CPU
		{098895C0-FB0E-4C87-AFDC-E70785B3E5C9}.Debug|Any CPU.Build.0 = Debug|Any CPU
		{098895C0-FB0E-4C87-AFDC-E70785B3E5C9}.Release|Any CPU.ActiveCfg = Release|Any CPU
		{098895C0-FB0E-4C87-AFDC-E70785B3E5C9}.Release|Any CPU.Build.0 = Release|Any CPU
	EndGlobalSection
	GlobalSection(SolutionProperties) = preSolution
		HideSolutionNode = FALSE
	EndGlobalSection
	GlobalSection(ExtensibilityGlobals) = postSolution
		SolutionGuid = {D6C3759C-FAC9-4B8A-9646-589AF4D74B99}
	EndGlobalSection
EndGlobal
